
Microsoft Visual Studio Solution File, Format Version 12.00
# Visual Studio Version 17
VisualStudioVersion = 17.11.35327.3
MinimumVisualStudioVersion = 10.0.40219.1
Project("{FAE04EC0-301F-11D3-BF4B-00C04F79EFBC}") = "Server", "Server\Server.csproj", "{CD149B0A-E16A-4A54-A7DD-0D25D577648F}"
EndProject
Project("{FAE04EC0-301F-11D3-BF4B-00C04F79EFBC}") = "Client", "Client\Client.csproj", "{3DF384A8-5AAF-42FB-BA89-453C1B490F28}"
EndProject
Project("{FAE04EC0-301F-11D3-BF4B-00C04F79EFBC}") = "Message", "Message\Message.csproj", "{1DEEE8FB-C551-4E8B-98EA-93E297871C4E}"
EndProject
Global
	GlobalSection(SolutionConfigurationPlatforms) = preSolution
		Debug|Any CPU = Debug|Any CPU
		Debug|x64 = Debug|x64
		Debug|x86 = Debug|x86
		Release|Any CPU = Release|Any CPU
		Release|x64 = Release|x64
		Release|x86 = Release|x86
	EndGlobalSection
	GlobalSection(ProjectConfigurationPlatforms) = postSolution
		{CD149B0A-E16A-4A54-A7DD-0D25D577648F}.Debug|Any CPU.ActiveCfg = Debug|Any CPU
		{CD149B0A-E16A-4A54-A7DD-0D25D577648F}.Debug|Any CPU.Build.0 = Debug|Any CPU
		{CD149B0A-E16A-4A54-A7DD-0D25D577648F}.Debug|x64.ActiveCfg = Debug|Any CPU
		{CD149B0A-E16A-4A54-A7DD-0D25D577648F}.Debug|x64.Build.0 = Debug|Any CPU
		{CD149B0A-E16A-4A54-A7DD-0D25D577648F}.Debug|x86.ActiveCfg = Debug|Any CPU
		{CD149B0A-E16A-4A54-A7DD-0D25D577648F}.Debug|x86.Build.0 = Debug|Any CPU
		{CD149B0A-E16A-4A54-A7DD-0D25D577648F}.Release|Any CPU.ActiveCfg = Release|Any CPU
		{CD149B0A-E16A-4A54-A7DD-0D25D577648F}.Release|Any CPU.Build.0 = Release|Any CPU
		{CD149B0A-E16A-4A54-A7DD-0D25D577648F}.Release|x64.ActiveCfg = Release|Any CPU
		{CD149B0A-E16A-4A54-A7DD-0D25D577648F}.Release|x64.Build.0 = Release|Any CPU
		{CD149B0A-E16A-4A54-A7DD-0D25D577648F}.Release|x86.ActiveCfg = Release|Any CPU
		{CD149B0A-E16A-4A54-A7DD-0D25D577648F}.Release|x86.Build.0 = Release|Any CPU
		{3DF384A8-5AAF-42FB-BA89-453C1B490F28}.Debug|Any CPU.ActiveCfg = Debug|Any CPU
		{3DF384A8-5AAF-42FB-BA89-453C1B490F28}.Debug|Any CPU.Build.0 = Debug|Any CPU
		{3DF384A8-5AAF-42FB-BA89-453C1B490F28}.Debug|x64.ActiveCfg = Debug|Any CPU
		{3DF384A8-5AAF-42FB-BA89-453C1B490F28}.Debug|x64.Build.0 = Debug|Any CPU
		{3DF384A8-5AAF-42FB-BA89-453C1B490F28}.Debug|x86.ActiveCfg = Debug|Any CPU
		{3DF384A8-5AAF-42FB-BA89-453C1B490F28}.Debug|x86.Build.0 = Debug|Any CPU
		{3DF384A8-5AAF-42FB-BA89-453C1B490F28}.Release|Any CPU.ActiveCfg = Release|Any CPU
		{3DF384A8-5AAF-42FB-BA89-453C1B490F28}.Release|Any CPU.Build.0 = Release|Any CPU
		{3DF384A8-5AAF-42FB-BA89-453C1B490F28}.Release|x64.ActiveCfg = Release|Any CPU
		{3DF384A8-5AAF-42FB-BA89-453C1B490F28}.Release|x64.Build.0 = Release|Any CPU
		{3DF384A8-5AAF-42FB-BA89-453C1B490F28}.Release|x86.ActiveCfg = Release|Any CPU
		{3DF384A8-5AAF-42FB-BA89-453C1B490F28}.Release|x86.Build.0 = Release|Any CPU
		{1DEEE8FB-C551-4E8B-98EA-93E297871C4E}.Debug|Any CPU.ActiveCfg = Debug|Any CPU
		{1DEEE8FB-C551-4E8B-98EA-93E297871C4E}.Debug|Any CPU.Build.0 = Debug|Any CPU
		{1DEEE8FB-C551-4E8B-98EA-93E297871C4E}.Debug|x64.ActiveCfg = Debug|Any CPU
		{1DEEE8FB-C551-4E8B-98EA-93E297871C4E}.Debug|x64.Build.0 = Debug|Any CPU
		{1DEEE8FB-C551-4E8B-98EA-93E297871C4E}.Debug|x86.ActiveCfg = Debug|Any CPU
		{1DEEE8FB-C551-4E8B-98EA-93E297871C4E}.Debug|x86.Build.0 = Debug|Any CPU
		{1DEEE8FB-C551-4E8B-98EA-93E297871C4E}.Release|Any CPU.ActiveCfg = Release|Any CPU
		{1DEEE8FB-C551-4E8B-98EA-93E297871C4E}.Release|Any CPU.Build.0 = Release|Any CPU
		{1DEEE8FB-C551-4E8B-98EA-93E297871C4E}.Release|x64.ActiveCfg = Release|Any CPU
		{1DEEE8FB-C551-4E8B-98EA-93E297871C4E}.Release|x64.Build.0 = Release|Any CPU
		{1DEEE8FB-C551-4E8B-98EA-93E297871C4E}.Release|x86.ActiveCfg = Release|Any CPU
		{1DEEE8FB-C551-4E8B-98EA-93E297871C4E}.Release|x86.Build.0 = Release|Any CPU
	EndGlobalSection
	GlobalSection(SolutionProperties) = preSolution
		HideSolutionNode = FALSE
	EndGlobalSection
	GlobalSection(ExtensibilityGlobals) = postSolution
		SolutionGuid = {723A19A8-2E20-4C4B-AD9A-C326C4CF3C4D}
	EndGlobalSection
EndGlobal
